
Microsoft Visual Studio Solution File, Format Version 12.00
# Visual Studio Version 17
VisualStudioVersion = 17.1.31903.286
MinimumVisualStudioVersion = 10.0.40219.1
Project("{9A19103F-16F7-4668-BE54-9A1E7A4F7556}") = "TradeGame", "TradeGame\TradeGame.csproj", "{B456830E-0864-47BD-9608-DE2F3CCAA01F}"
EndProject
Project("{9A19103F-16F7-4668-BE54-9A1E7A4F7556}") = "TradeGame.Test", "TradeGame.Test\TradeGame.Test.csproj", "{97F9955D-D4A6-41EE-A9E2-4DBE17A9874F}"
EndProject
Global
	GlobalSection(SolutionConfigurationPlatforms) = preSolution
		Debug|Any CPU = Debug|Any CPU
		Release|Any CPU = Release|Any CPU
	EndGlobalSection
	GlobalSection(ProjectConfigurationPlatforms) = postSolution
		{B456830E-0864-47BD-9608-DE2F3CCAA01F}.Debug|Any CPU.ActiveCfg = Release|Any CPU
		{B456830E-0864-47BD-9608-DE2F3CCAA01F}.Debug|Any CPU.Build.0 = Release|Any CPU
		{B456830E-0864-47BD-9608-DE2F3CCAA01F}.Release|Any CPU.ActiveCfg = Release|Any CPU
		{B456830E-0864-47BD-9608-DE2F3CCAA01F}.Release|Any CPU.Build.0 = Release|Any CPU
		{97F9955D-D4A6-41EE-A9E2-4DBE17A9874F}.Debug|Any CPU.ActiveCfg = Debug|Any CPU
		{97F9955D-D4A6-41EE-A9E2-4DBE17A9874F}.Debug|Any CPU.Build.0 = Debug|Any CPU
		{97F9955D-D4A6-41EE-A9E2-4DBE17A9874F}.Release|Any CPU.ActiveCfg = Release|Any CPU
		{97F9955D-D4A6-41EE-A9E2-4DBE17A9874F}.Release|Any CPU.Build.0 = Release|Any CPU
	EndGlobalSection
	GlobalSection(SolutionProperties) = preSolution
		HideSolutionNode = FALSE
	EndGlobalSection
	GlobalSection(ExtensibilityGlobals) = postSolution
		SolutionGuid = {42447634-408B-4077-9334-72A724D6DF2C}
	EndGlobalSection
EndGlobal
